
Microsoft Visual Studio Solution File, Format Version 12.00
# Visual Studio 15
VisualStudioVersion = 15.0.26124.0
MinimumVisualStudioVersion = 15.0.26124.0
Project("{2150E333-8FDC-42A3-9474-1A3956D46DE8}") = "src", "src", "{A50FA20A-FD46-46D4-87A1-C71CDD414123}"
EndProject
Project("{FAE04EC0-301F-11D3-BF4B-00C04F79EFBC}") = "SimpleApi", "src\SimpleApi\SimpleApi.csproj", "{E6504EF2-A187-45EE-94A3-2B9C26343668}"
EndProject
Project("{2150E333-8FDC-42A3-9474-1A3956D46DE8}") = "test", "test", "{AED2D6F1-DBF6-4B08-9164-9AE18246E00F}"
EndProject
Project("{FAE04EC0-301F-11D3-BF4B-00C04F79EFBC}") = "SimpleApi.Test", "test\SimpleApi.Test\SimpleApi.Test.csproj", "{34983053-F39B-4CB5-AAE2-8988ED6F4413}"
EndProject
Global
	GlobalSection(SolutionConfigurationPlatforms) = preSolution
		Debug|Any CPU = Debug|Any CPU
		Debug|x64 = Debug|x64
		Debug|x86 = Debug|x86
		Release|Any CPU = Release|Any CPU
		Release|x64 = Release|x64
		Release|x86 = Release|x86
	EndGlobalSection
	GlobalSection(SolutionProperties) = preSolution
		HideSolutionNode = FALSE
	EndGlobalSection
	GlobalSection(ProjectConfigurationPlatforms) = postSolution
		{E6504EF2-A187-45EE-94A3-2B9C26343668}.Debug|Any CPU.ActiveCfg = Debug|Any CPU
		{E6504EF2-A187-45EE-94A3-2B9C26343668}.Debug|Any CPU.Build.0 = Debug|Any CPU
		{E6504EF2-A187-45EE-94A3-2B9C26343668}.Debug|x64.ActiveCfg = Debug|Any CPU
		{E6504EF2-A187-45EE-94A3-2B9C26343668}.Debug|x64.Build.0 = Debug|Any CPU
		{E6504EF2-A187-45EE-94A3-2B9C26343668}.Debug|x86.ActiveCfg = Debug|Any CPU
		{E6504EF2-A187-45EE-94A3-2B9C26343668}.Debug|x86.Build.0 = Debug|Any CPU
		{E6504EF2-A187-45EE-94A3-2B9C26343668}.Release|Any CPU.ActiveCfg = Release|Any CPU
		{E6504EF2-A187-45EE-94A3-2B9C26343668}.Release|Any CPU.Build.0 = Release|Any CPU
		{E6504EF2-A187-45EE-94A3-2B9C26343668}.Release|x64.ActiveCfg = Release|Any CPU
		{E6504EF2-A187-45EE-94A3-2B9C26343668}.Release|x64.Build.0 = Release|Any CPU
		{E6504EF2-A187-45EE-94A3-2B9C26343668}.Release|x86.ActiveCfg = Release|Any CPU
		{E6504EF2-A187-45EE-94A3-2B9C26343668}.Release|x86.Build.0 = Release|Any CPU
		{34983053-F39B-4CB5-AAE2-8988ED6F4413}.Debug|Any CPU.ActiveCfg = Debug|Any CPU
		{34983053-F39B-4CB5-AAE2-8988ED6F4413}.Debug|Any CPU.Build.0 = Debug|Any CPU
		{34983053-F39B-4CB5-AAE2-8988ED6F4413}.Debug|x64.ActiveCfg = Debug|Any CPU
		{34983053-F39B-4CB5-AAE2-8988ED6F4413}.Debug|x64.Build.0 = Debug|Any CPU
		{34983053-F39B-4CB5-AAE2-8988ED6F4413}.Debug|x86.ActiveCfg = Debug|Any CPU
		{34983053-F39B-4CB5-AAE2-8988ED6F4413}.Debug|x86.Build.0 = Debug|Any CPU
		{34983053-F39B-4CB5-AAE2-8988ED6F4413}.Release|Any CPU.ActiveCfg = Release|Any CPU
		{34983053-F39B-4CB5-AAE2-8988ED6F4413}.Release|Any CPU.Build.0 = Release|Any CPU
		{34983053-F39B-4CB5-AAE2-8988ED6F4413}.Release|x64.ActiveCfg = Release|Any CPU
		{34983053-F39B-4CB5-AAE2-8988ED6F4413}.Release|x64.Build.0 = Release|Any CPU
		{34983053-F39B-4CB5-AAE2-8988ED6F4413}.Release|x86.ActiveCfg = Release|Any CPU
		{34983053-F39B-4CB5-AAE2-8988ED6F4413}.Release|x86.Build.0 = Release|Any CPU
	EndGlobalSection
	GlobalSection(NestedProjects) = preSolution
		{E6504EF2-A187-45EE-94A3-2B9C26343668} = {A50FA20A-FD46-46D4-87A1-C71CDD414123}
		{34983053-F39B-4CB5-AAE2-8988ED6F4413} = {AED2D6F1-DBF6-4B08-9164-9AE18246E00F}
	EndGlobalSection
EndGlobal
